
Microsoft Visual Studio Solution File, Format Version 12.00
# Visual Studio Version 17
VisualStudioVersion = 17.11.35312.102
MinimumVisualStudioVersion = 10.0.40219.1
Project("{FAE04EC0-301F-11D3-BF4B-00C04F79EFBC}") = "Customon Creator", "Customon Creator\Customon Creator.csproj", "{83377529-08BB-4604-A3AB-476360607E1A}"
EndProject
Global
	GlobalSection(SolutionConfigurationPlatforms) = preSolution
		Debug|Any CPU = Debug|Any CPU
		Release|Any CPU = Release|Any CPU
	EndGlobalSection
	GlobalSection(ProjectConfigurationPlatforms) = postSolution
		{83377529-08BB-4604-A3AB-476360607E1A}.Debug|Any CPU.ActiveCfg = Debug|Any CPU
		{83377529-08BB-4604-A3AB-476360607E1A}.Debug|Any CPU.Build.0 = Debug|Any CPU
		{83377529-08BB-4604-A3AB-476360607E1A}.Release|Any CPU.ActiveCfg = Release|Any CPU
		{83377529-08BB-4604-A3AB-476360607E1A}.Release|Any CPU.Build.0 = Release|Any CPU
	EndGlobalSection
	GlobalSection(SolutionProperties) = preSolution
		HideSolutionNode = FALSE
	EndGlobalSection
	GlobalSection(ExtensibilityGlobals) = postSolution
		SolutionGuid = {D91E7B4B-CDDE-41D9-B06C-7E1D87F51E5E}
	EndGlobalSection
EndGlobal
